
Microsoft Visual Studio Solution File, Format Version 12.00
Project("{FAE04EC0-301F-11D3-BF4B-00C04F79EFBC}") = "sw_course", "sw_course\sw_course.csproj", "{004DF614-6E0A-403D-BE90-F42AE6EF9936}"
EndProject
Project("{FAE04EC0-301F-11D3-BF4B-00C04F79EFBC}") = "MavLink", "MavLink\MavLink.csproj", "{5B9CEFE8-82CD-4C20-BA1D-A4325F59D933}"
EndProject
Project("{FAE04EC0-301F-11D3-BF4B-00C04F79EFBC}") = "sw_course_test", "sw_course_test\sw_course_test.csproj", "{D29AF1B8-59F0-4873-90F0-34D738E59011}"
EndProject
Global
	GlobalSection(SolutionConfigurationPlatforms) = preSolution
		Debug|Any CPU = Debug|Any CPU
		Release|Any CPU = Release|Any CPU
	EndGlobalSection
	GlobalSection(ProjectConfigurationPlatforms) = postSolution
		{004DF614-6E0A-403D-BE90-F42AE6EF9936}.Debug|Any CPU.ActiveCfg = Debug|Any CPU
		{004DF614-6E0A-403D-BE90-F42AE6EF9936}.Debug|Any CPU.Build.0 = Debug|Any CPU
		{004DF614-6E0A-403D-BE90-F42AE6EF9936}.Release|Any CPU.ActiveCfg = Release|Any CPU
		{004DF614-6E0A-403D-BE90-F42AE6EF9936}.Release|Any CPU.Build.0 = Release|Any CPU
		{5B9CEFE8-82CD-4C20-BA1D-A4325F59D933}.Debug|Any CPU.ActiveCfg = Debug|Any CPU
		{5B9CEFE8-82CD-4C20-BA1D-A4325F59D933}.Debug|Any CPU.Build.0 = Debug|Any CPU
		{5B9CEFE8-82CD-4C20-BA1D-A4325F59D933}.Release|Any CPU.ActiveCfg = Release|Any CPU
		{5B9CEFE8-82CD-4C20-BA1D-A4325F59D933}.Release|Any CPU.Build.0 = Release|Any CPU
		{D29AF1B8-59F0-4873-90F0-34D738E59011}.Debug|Any CPU.ActiveCfg = Debug|Any CPU
		{D29AF1B8-59F0-4873-90F0-34D738E59011}.Debug|Any CPU.Build.0 = Debug|Any CPU
		{D29AF1B8-59F0-4873-90F0-34D738E59011}.Release|Any CPU.ActiveCfg = Release|Any CPU
		{D29AF1B8-59F0-4873-90F0-34D738E59011}.Release|Any CPU.Build.0 = Release|Any CPU
	EndGlobalSection
EndGlobal
